{
  "version": "2",
  "remote": {
    "https://deno.land/std@0.177.1/_util/asserts.ts": "178dfc49a464aee693a7e285567b3d0b555dc805ff490505a8aae34f9cfb1462",
    "https://deno.land/std@0.177.1/_util/os.ts": "d932f56d41e4f6a6093d56044e29ce637f8dcc43c5a90af43504a889cf1775e3",
    "https://deno.land/std@0.177.1/bytes/index_of_needle.ts": "65c939607df609374c4415598fa4dad04a2f14c4d98cd15775216f0aaf597f24",
    "https://deno.land/std@0.177.1/encoding/base64.ts": "7de04c2f8aeeb41453b09b186480be90f2ff357613b988e99fabb91d2eeceba1",
    "https://deno.land/std@0.177.1/encoding/base64url.ts": "3f1178f6446834457b16bfde8b559c1cd3481727fe384d3385e4a9995dc2d851",
    "https://deno.land/std@0.177.1/node/_core.ts": "9a58c0ef98ee77e9b8fcc405511d1b37a003a705eb6a9b6e95f75434d8009adc",
    "https://deno.land/std@0.177.1/node/_utils.ts": "7fd55872a0cf9275e3c080a60e2fa6d45b8de9e956ebcde9053e72a344185884",
    "https://deno.land/std@0.177.1/node/buffer.ts": "85617be2063eccaf177dbb84c7580d1e32023724ed14bd9df4e453b152a26167",
    "https://deno.land/std@0.177.1/node/internal/buffer.d.ts": "bdfa991cd88cb02fd08bf8235d2618550e3e511c970b2a8f2e1a6885a2793cac",
    "https://deno.land/std@0.177.1/node/internal/buffer.mjs": "e92303a3cc6d9aaabcd270a937ad9319825d9ba08cb332650944df4562029b27",
    "https://deno.land/std@0.177.1/node/internal/crypto/_keys.ts": "8f3c3b5a141aa0331a53c205e9338655f1b3b307a08085fd6ff6dda6f7c4190b",
    "https://deno.land/std@0.177.1/node/internal/crypto/constants.ts": "544d605703053218499b08214f2e25cf4310651d535b7ab995891c4b7a217693",
    "https://deno.land/std@0.177.1/node/internal/error_codes.ts": "8495e33f448a484518d76fa3d41d34fc20fe03c14b30130ad8e936b0035d4b8b",
    "https://deno.land/std@0.177.1/node/internal/errors.ts": "1c699b8a3cb93174f697a348c004b1c6d576b66688eac8a48ebb78e65c720aae",
    "https://deno.land/std@0.177.1/node/internal/hide_stack_frames.ts": "9dd1bad0a6e62a1042ce3a51eb1b1ecee2f246907bff44835f86e8f021de679a",
    "https://deno.land/std@0.177.1/node/internal/normalize_encoding.mjs": "fd1d9df61c44d7196432f6e8244621468715131d18cc79cd299fc78ac549f707",
    "https://deno.land/std@0.177.1/node/internal/primordials.mjs": "a72d86b5aa55d3d50b8e916b6a59b7cc0dc5a31da8937114b4a113ad5aa08c74",
    "https://deno.land/std@0.177.1/node/internal/util.mjs": "f7fe2e1ca5e66f550ad0856b9f5ee4d666f0c071fe212ea7fc7f37cfa81f97a5",
    "https://deno.land/std@0.177.1/node/internal/util/inspect.mjs": "11d7c9cab514b8e485acc3978c74b837263ff9c08ae4537fa18ad56bae633259",
    "https://deno.land/std@0.177.1/node/internal/util/types.ts": "0e587b44ec5e017cf228589fc5ce9983b75beece6c39409c34170cfad49d6417",
    "https://deno.land/std@0.177.1/node/internal/validators.mjs": "e02f2b02dd072a5d623970292588d541204dc82207b4c58985d933a5f4b382e6",
    "https://deno.land/std@0.177.1/node/internal_binding/_libuv_winerror.ts": "30c9569603d4b97a1f1a034d88a3f74800d5ea1f12fcc3d225c9899d4e1a518b",
    "https://deno.land/std@0.177.1/node/internal_binding/_node.ts": "cb2389b0eab121df99853eb6a5e3a684e4537e065fb8bf2cca0cbf219ce4e32e",
    "https://deno.land/std@0.177.1/node/internal_binding/_utils.ts": "7c58a2fbb031a204dee9583ba211cf9c67922112fe77e7f0b3226112469e9fe1",
    "https://deno.land/std@0.177.1/node/internal_binding/_winerror.ts": "3e8cfdfe22e89f13d2b28529bab35155e6b1730c0221ec5a6fc7077dc037be13",
    "https://deno.land/std@0.177.1/node/internal_binding/buffer.ts": "31729e0537921d6c730ad0afea44a7e8a0a1044d070ade8368226cb6f7390c8b",
    "https://deno.land/std@0.177.1/node/internal_binding/constants.ts": "21ff9d1ee71d0a2086541083a7711842fc6ae25e264dbf45c73815aadce06f4c",
    "https://deno.land/std@0.177.1/node/internal_binding/string_decoder.ts": "54c3c1cbd5a9254881be58bf22637965dc69535483014dab60487e299cb95445",
    "https://deno.land/std@0.177.1/node/internal_binding/types.ts": "2187595a58d2cf0134f4db6cc2a12bf777f452f52b15b6c3aed73fa072aa5fc3",
    "https://deno.land/std@0.177.1/node/internal_binding/util.ts": "808ff3b92740284184ab824adfc420e75398c88c8bccf5111f0c24ac18c48f10",
    "https://deno.land/std@0.177.1/node/internal_binding/uv.ts": "eb0048e30af4db407fb3f95563e30d70efd6187051c033713b0a5b768593a3a3",
    "https://deno.land/x/escape@1.4.2/mod.ts": "6a30f506583e5d3bcc5f3cd2d42fba43af618833dc0f7754b374b6f7b21aaf68",
    "https://esm.sh/cheerio@1.0.0-rc.12": "7a78d8316c5a3575b3d43021502299ec1b7902199d86dd65fb2a71edf7196ebf",
    "https://esm.sh/ky@0.33.3": "93d19a988ead274f5aad146fdf2cf8469d7cb6e2c00786a59dd6b791bd52158a",
    "https://esm.sh/v130/boolbase@1.0.0/deno/boolbase.mjs": "7efc4e8c8c06e1ce99c8abc368a94734f20ab982d1942b1da5ec5276c379e0ef",
    "https://esm.sh/v130/cheerio-select@2.1.0/deno/cheerio-select.mjs": "fb286807038559c029bc90356cc1a2462e00e923da1a03425773bbe32f351818",
    "https://esm.sh/v130/cheerio-select@2.1.0/lib/index.d.ts": "1223a56b6e6eda3412c013ea525e6a4ffdbf55f298072d10b14915d5abec2184",
    "https://esm.sh/v130/cheerio@1.0.0-rc.12/deno/cheerio.mjs": "5407d2e2fbf1b996392d6862c08437177e60c3a64c9daa34141b2488c39bae4e",
    "https://esm.sh/v130/cheerio@1.0.0-rc.12/deno/lib/utils.js": "b6a6c33137636f8e46d4ac1f5ec1ab94eb0a54f25f1367c18faf52f89417227b",
    "https://esm.sh/v130/cheerio@1.0.0-rc.12/lib/api/attributes.d.ts": "3627556a1404f4f591c96ebc697db7bbc58b8203c897be8a183efc3edf4b9f70",
    "https://esm.sh/v130/cheerio@1.0.0-rc.12/lib/api/css.d.ts": "d0d7cc95371c4204dd68edd8ebb275455cc71c5a41326de7f600cf6823615db7",
    "https://esm.sh/v130/cheerio@1.0.0-rc.12/lib/api/forms.d.ts": "2af606aa210d95fe40e88f80cd39e384e15523b02d0dee175b3cd8bc93b04990",
    "https://esm.sh/v130/cheerio@1.0.0-rc.12/lib/api/manipulation.d.ts": "e5df8fa6e2333378acae6e8e48e0d4840f742e6a94bfd240800d12e407201855",
    "https://esm.sh/v130/cheerio@1.0.0-rc.12/lib/api/traversing.d.ts": "834792bed52227a8b032588ea8aec14304d7461145896a0d258fbd61ff8b2775",
    "https://esm.sh/v130/cheerio@1.0.0-rc.12/lib/cheerio.d.ts": "9b2584e369049a17488aadc258a5377e28762921c1c23a6ffbecd77ba92d89ee",
    "https://esm.sh/v130/cheerio@1.0.0-rc.12/lib/index.d.ts": "601b60e87e3e05e3c5902ebd700a5237c797aa2f39bf5f7016a64795eed6fbe8",
    "https://esm.sh/v130/cheerio@1.0.0-rc.12/lib/load.d.ts": "49e96b5c91bd302f50e8b8aa5be18d6f8208a511ebea85e9a086de6f466e133f",
    "https://esm.sh/v130/cheerio@1.0.0-rc.12/lib/options.d.ts": "ec68abbb5a2a8cff1acebc2a96117db204701c8da2c3762f661283c7a7348daf",
    "https://esm.sh/v130/cheerio@1.0.0-rc.12/lib/static.d.ts": "77dc032ca8360f5ec31262130684de055b3db47e8837c66896417e39dfbf2ded",
    "https://esm.sh/v130/cheerio@1.0.0-rc.12/lib/types.d.ts": "96fd5d38db1da0297a280a9c1334938bb5421d1a1e3ccf6fc6cd4aaaecca7985",
    "https://esm.sh/v130/css-select@5.1.0/deno/css-select.mjs": "0c4d07b908c16a0e2255caf2887b40c32db0ea9af391f048a38b178416f952d1",
    "https://esm.sh/v130/css-select@5.1.0/lib/index.d.ts": "1184c086a850331abec7e97ded6001c055f73d8e5a85ab59b9dc1aeadd2acec7",
    "https://esm.sh/v130/css-select@5.1.0/lib/pseudo-selectors/aliases.d.ts": "22cfc60f2b8fcaf300f1bcc8f53b97bd9fbefd5da9f298979709ceaa04e26b45",
    "https://esm.sh/v130/css-select@5.1.0/lib/pseudo-selectors/filters.d.ts": "a16a447cc2feb1b687f577635d06eb13d4da54cd822c6a29497ff699b4fce7b8",
    "https://esm.sh/v130/css-select@5.1.0/lib/pseudo-selectors/index.d.ts": "c991d0c56bed6bd2109d0f99e845dc0b0a6bdb7dae02c0c5abe784837b8f26ba",
    "https://esm.sh/v130/css-select@5.1.0/lib/pseudo-selectors/pseudos.d.ts": "285e5660521fe939dacfa8391e0c01481085d91a8b0d0075e779a42a6354a72f",
    "https://esm.sh/v130/css-select@5.1.0/lib/types.d.ts": "c3dcc0471142e118f651a54bb76d48a8565698203583cce74bead70681e093f9",
    "https://esm.sh/v130/css-what@6.1.0/deno/css-what.mjs": "dee006a96b6dc1619d8e1a99f88a529b65bf6ba5e30d48738486a638f0846fa9",
    "https://esm.sh/v130/css-what@6.1.0/lib/es/index.d.ts": "dd85117592208130bfbcff4bf22b517783bcce8fc8521a5881783d33701e1f8a",
    "https://esm.sh/v130/css-what@6.1.0/lib/es/parse.d.ts": "0f32c1fca455670db2f6fac2b04e5a05b7b73ad2eae781d1fafb64d24dc65c64",
    "https://esm.sh/v130/css-what@6.1.0/lib/es/stringify.d.ts": "ff26d3761151ef55a86489fc64aea60dedbab92e37321a4c7e7fe91785535209",
    "https://esm.sh/v130/css-what@6.1.0/lib/es/types.d.ts": "65e53618d67a1da2db60d5a47ac408e642468faa6b179935d528b9d43a760177",
    "https://esm.sh/v130/dom-serializer@2.0.0/deno/dom-serializer.mjs": "45f6ca11e8480bc3aaa9a9bc59e219bb989c5f6c27ec1dc20138dc9dbc777536",
    "https://esm.sh/v130/dom-serializer@2.0.0/lib/index.d.ts": "d2afda045fb2edc86a8edc9539cde6034955c6dce57c5d5b9f854280a5b04bf1",
    "https://esm.sh/v130/domelementtype@2.3.0/deno/domelementtype.mjs": "b40d71fdede5ef6effa4225404f08e10f3ba4d08e6e8ab25c05c53418b412420",
    "https://esm.sh/v130/domelementtype@2.3.0/lib/index.d.ts": "e307d69c2e131e39db6038b4bd51916c6cd787e01d730ad0c28c60491d0accf2",
    "https://esm.sh/v130/domhandler@5.0.3/deno/domhandler.mjs": "478f10ea5ca31efa2db4f17c47ffe36cce568d74ff23fdc91d8f46eff19774aa",
    "https://esm.sh/v130/domhandler@5.0.3/lib/index.d.ts": "587a74d5be3d1ff7904170380e0a40e69ca29c3186e88c9f360462a920051348",
    "https://esm.sh/v130/domhandler@5.0.3/lib/node.d.ts": "5dc79bebffa8bdc437d04f65354ad554e157c67d34b65a6f4c0db148fbfa718a",
    "https://esm.sh/v130/domutils@3.1.0/deno/domutils.mjs": "defe538c82957d9e11376701386f4d9997932d225c2a91868dab7f05c1e977a6",
    "https://esm.sh/v130/domutils@3.1.0/lib/feeds.d.ts": "91c405f29c24675e92ef78aa17b0e0125649638df0a3c08e87579a1bca5ca60b",
    "https://esm.sh/v130/domutils@3.1.0/lib/helpers.d.ts": "cf3f8f8b3ae2a6a25a4262afad284d3eef55948d0d45e1b263788ebe3e73422e",
    "https://esm.sh/v130/domutils@3.1.0/lib/index.d.ts": "61c968fd2d7799e3cf14db9b65eaaabd64b6af2a9f46818a61d104f2dee56828",
    "https://esm.sh/v130/domutils@3.1.0/lib/legacy.d.ts": "edc0031f4455feebb7e0ced0bce8934d612c0641767d9794e38c3af99787de5b",
    "https://esm.sh/v130/domutils@3.1.0/lib/manipulation.d.ts": "a2b688bdb85e7384d24d2dc67cf31cc6f71f864536f3ded4b8e31f1cae94d23c",
    "https://esm.sh/v130/domutils@3.1.0/lib/querying.d.ts": "3b360833c75442f8491ebebad2ff598ac0788c20e427a763abd9b28bc9c266ef",
    "https://esm.sh/v130/domutils@3.1.0/lib/stringify.d.ts": "253dd9ad916bc6c0dbf6af55bcdd784361cc7b839f49ea7e25f2345ef554b427",
    "https://esm.sh/v130/domutils@3.1.0/lib/traversal.d.ts": "3a6fc66a81e1197c29187ee794ea8214bdb3e337cf49d9ad697b9e53ad130344",
    "https://esm.sh/v130/entities@4.5.0/deno/entities.mjs": "38ddbae113cb71e672b4f9f07e03b48c208c4a8241f142d33ea5ac09e3714c8f",
    "https://esm.sh/v130/entities@4.5.0/deno/lib/decode.js": "4f563ba8bab4cfa580a153702f053be3c6c9428e9ee7406f3b30b0f9f0e3533a",
    "https://esm.sh/v130/entities@4.5.0/deno/lib/escape.js": "344fbadbb8685fd11c5f100ab406d9e4ffe7abaf83598e53c94af7ad7ceda5f7",
    "https://esm.sh/v130/htmlparser2@8.0.2/deno/htmlparser2.mjs": "1339a4290f13570c18ce514c260d16db1f139635042c9616f1bc28fa40fe34aa",
    "https://esm.sh/v130/htmlparser2@8.0.2/lib/Parser.d.ts": "ff328f0ef96fee84f88ee254e18a235bdfe4a2dfac0f4d2dc754744bd69bca54",
    "https://esm.sh/v130/htmlparser2@8.0.2/lib/Tokenizer.d.ts": "41787f4904cb436cf92cba22f574829aeb7a527138e1dd228a2084e796c11bb8",
    "https://esm.sh/v130/htmlparser2@8.0.2/lib/index.d.ts": "6a0d3abd2b48173393b186f760fccd71fe80d41170f7268111268ce5bec41af3",
    "https://esm.sh/v130/node.ns.d.ts": "0fb081f0cd2150931bd54baa04f31466abd9ca701fd9060d07931402cf8367ba",
    "https://esm.sh/v130/nth-check@2.1.1/deno/nth-check.mjs": "83fb22c47e97b4f164a8908b13f944481c89832f27f60ffc3c843aed384dd3b3",
    "https://esm.sh/v130/parse5-htmlparser2-tree-adapter@7.0.0/deno/parse5-htmlparser2-tree-adapter.mjs": "c0223a584d43fa35657464d7e2d17f0298dc63f43c8632e22ccfe261238e9b43",
    "https://esm.sh/v130/parse5@7.1.2/deno/parse5.mjs": "bd905ecc509330c3e6fdd13f3249b3fe645cff5193ede6699c7ed6439c6ff658",
    "https://esm.sh/v131/ky@0.33.3/deno/ky.mjs": "ef2c36b09bae562bcfa50adb39034fb1c01fb7ea8212c1fdb55880efa7b58ad4",
    "https://esm.sh/v131/ky@0.33.3/distribution/core/constants.d.ts": "9c23fb2acd5ed818c950c6802b22cafde46f1cd6217898ca4f0f726558576f48",
    "https://esm.sh/v131/ky@0.33.3/distribution/errors/HTTPError.d.ts": "bec5524c0d8addd2e4d678b14434976fad37b83bacffa3ae65d14afe71a76e83",
    "https://esm.sh/v131/ky@0.33.3/distribution/errors/TimeoutError.d.ts": "162f748e98203b829d8505f499c99ee0fc2200c11f3743d0e7124e7bf8ca253c",
    "https://esm.sh/v131/ky@0.33.3/distribution/index.d.ts": "33e8773cbec165d42ba5b39476f2293cd0506a345cd7c2f706ab4b9c452479b5",
    "https://esm.sh/v131/ky@0.33.3/distribution/types/ResponsePromise.d.ts": "b038f6f19c25ffb29ef3d8a89dc78fb69a03fdf7438e4b14e45ec5390b2039bc",
    "https://esm.sh/v131/ky@0.33.3/distribution/types/common.d.ts": "20fcb118bebfb69ca52595ac4f0dd500fe457a5cedb0a4186a3b09cb20aad7c7",
    "https://esm.sh/v131/ky@0.33.3/distribution/types/hooks.d.ts": "5654d6c3b3540f3768c8c8dd125c3bd6c44b03f70f6ddc1212a2cd3edb1f8039",
    "https://esm.sh/v131/ky@0.33.3/distribution/types/ky.d.ts": "e2d296326628fde655ead9f8dd32c87ecc32b84f11511e7b4b7c3a778ba63d5a",
    "https://esm.sh/v131/ky@0.33.3/distribution/types/options.d.ts": "35bb34e6a2af7d02645bb66aef564e41457fc33f293d1aba2da397b6da8866aa",
    "https://esm.sh/v131/ky@0.33.3/distribution/types/response.d.ts": "fd7cdcf4a60ac72826774dddc27878b62ab87f74e574dfaa6a8818458f0f505d",
    "https://esm.sh/v131/ky@0.33.3/distribution/types/retry.d.ts": "96a0e14854cadd119faac1df7e4fa92ddb0a6119fa7535b5a9b08903ecc4cf52"
  }
}
